// !$*UTF8*$!
{
	archiveVersion = 1;
	classes = {
	};
	objectVersion = 55;
	objects = {

/* Begin PBXBuildFile section */
		7B3922752891EBFB009425F5 /* RegionSelectionVC.swift in Sources */ = {isa = PBXBuildFile; fileRef = 7B3922742891EBFB009425F5 /* RegionSelectionVC.swift */; };
		7B3922772891F111009425F5 /* RegionCell.swift in Sources */ = {isa = PBXBuildFile; fileRef = 7B3922762891F111009425F5 /* RegionCell.swift */; };
		7B3922792891F180009425F5 /* RCImageView.swift in Sources */ = {isa = PBXBuildFile; fileRef = 7B3922782891F180009425F5 /* RCImageView.swift */; };
		7B39227C2891F761009425F5 /* UIHelper.swift in Sources */ = {isa = PBXBuildFile; fileRef = 7B39227B2891F761009425F5 /* UIHelper.swift */; };
		7B39227E289205B5009425F5 /* RCTitleLabel.swift in Sources */ = {isa = PBXBuildFile; fileRef = 7B39227D289205B5009425F5 /* RCTitleLabel.swift */; };
		7B39228028920820009425F5 /* UIView+Ext.swift in Sources */ = {isa = PBXBuildFile; fileRef = 7B39227F28920820009425F5 /* UIView+Ext.swift */; };
		7B392282289219F6009425F5 /* Regions.swift in Sources */ = {isa = PBXBuildFile; fileRef = 7B392281289219F6009425F5 /* Regions.swift */; };
		7B49E1782894B19000D703DF /* Constants.swift in Sources */ = {isa = PBXBuildFile; fileRef = 7B49E1772894B19000D703DF /* Constants.swift */; };
		7B49E17A2895D20000D703DF /* SelectedCellView.swift in Sources */ = {isa = PBXBuildFile; fileRef = 7B49E1792895D20000D703DF /* SelectedCellView.swift */; };
		7B49E17C289743A200D703DF /* RCButton.swift in Sources */ = {isa = PBXBuildFile; fileRef = 7B49E17B289743A200D703DF /* RCButton.swift */; };
		7B49E1872897C02600D703DF /* RCAlertVC.swift in Sources */ = {isa = PBXBuildFile; fileRef = 7B49E1862897C02600D703DF /* RCAlertVC.swift */; };
		7B49E1892897C18900D703DF /* RCContainerView.swift in Sources */ = {isa = PBXBuildFile; fileRef = 7B49E1882897C18900D703DF /* RCContainerView.swift */; };
		7B49E18B2897C23800D703DF /* RCBodyLabel.swift in Sources */ = {isa = PBXBuildFile; fileRef = 7B49E18A2897C23800D703DF /* RCBodyLabel.swift */; };
		7B49E18D2897CA7600D703DF /* UIViewController+Ext.swift in Sources */ = {isa = PBXBuildFile; fileRef = 7B49E18C2897CA7600D703DF /* UIViewController+Ext.swift */; };
		7B49E18F289833F800D703DF /* CardsDisplayVC.swift in Sources */ = {isa = PBXBuildFile; fileRef = 7B49E18E289833F800D703DF /* CardsDisplayVC.swift */; };
		7B49E1912898D80100D703DF /* Card.swift in Sources */ = {isa = PBXBuildFile; fileRef = 7B49E1902898D80100D703DF /* Card.swift */; };
		7B49E1992898DE9200D703DF /* BCCardList.swift in Sources */ = {isa = PBXBuildFile; fileRef = 7B49E1982898DE9200D703DF /* BCCardList.swift */; };
		7B49E19B289918CF00D703DF /* Protocols.swift in Sources */ = {isa = PBXBuildFile; fileRef = 7B49E19A289918CF00D703DF /* Protocols.swift */; };
		7B49E19D289AFB5400D703DF /* Category.swift in Sources */ = {isa = PBXBuildFile; fileRef = 7B49E19C289AFB5400D703DF /* Category.swift */; };
		7B49E1A1289B150900D703DF /* CardCell.swift in Sources */ = {isa = PBXBuildFile; fileRef = 7B49E1A0289B150900D703DF /* CardCell.swift */; };
		7B49E1A3289B527700D703DF /* CollectionViewHeaderReusableView.swift in Sources */ = {isa = PBXBuildFile; fileRef = 7B49E1A2289B527700D703DF /* CollectionViewHeaderReusableView.swift */; };
		7B5936F6289371190025F90F /* RCInfoView.swift in Sources */ = {isa = PBXBuildFile; fileRef = 7B5936F5289371190025F90F /* RCInfoView.swift */; };
		7B791D7528906AAC0003BF5F /* AppDelegate.swift in Sources */ = {isa = PBXBuildFile; fileRef = 7B791D7428906AAC0003BF5F /* AppDelegate.swift */; };
		7B791D7728906AAC0003BF5F /* SceneDelegate.swift in Sources */ = {isa = PBXBuildFile; fileRef = 7B791D7628906AAC0003BF5F /* SceneDelegate.swift */; };
		7B791D7E28906AB00003BF5F /* Assets.xcassets in Resources */ = {isa = PBXBuildFile; fileRef = 7B791D7D28906AB00003BF5F /* Assets.xcassets */; };
		7B791D8128906AB00003BF5F /* LaunchScreen.storyboard in Resources */ = {isa = PBXBuildFile; fileRef = 7B791D7F28906AB00003BF5F /* LaunchScreen.storyboard */; };
/* End PBXBuildFile section */

/* Begin PBXFileReference section */
		7B3922742891EBFB009425F5 /* RegionSelectionVC.swift */ = {isa = PBXFileReference; lastKnownFileType = sourcecode.swift; path = RegionSelectionVC.swift; sourceTree = "<group>"; };
		7B3922762891F111009425F5 /* RegionCell.swift */ = {isa = PBXFileReference; lastKnownFileType = sourcecode.swift; path = RegionCell.swift; sourceTree = "<group>"; };
		7B3922782891F180009425F5 /* RCImageView.swift */ = {isa = PBXFileReference; lastKnownFileType = sourcecode.swift; path = RCImageView.swift; sourceTree = "<group>"; };
		7B39227B2891F761009425F5 /* UIHelper.swift */ = {isa = PBXFileReference; lastKnownFileType = sourcecode.swift; path = UIHelper.swift; sourceTree = "<group>"; };
		7B39227D289205B5009425F5 /* RCTitleLabel.swift */ = {isa = PBXFileReference; lastKnownFileType = sourcecode.swift; path = RCTitleLabel.swift; sourceTree = "<group>"; };
		7B39227F28920820009425F5 /* UIView+Ext.swift */ = {isa = PBXFileReference; lastKnownFileType = sourcecode.swift; path = "UIView+Ext.swift"; sourceTree = "<group>"; };
		7B392281289219F6009425F5 /* Regions.swift */ = {isa = PBXFileReference; lastKnownFileType = sourcecode.swift; path = Regions.swift; sourceTree = "<group>"; };
		7B49E1772894B19000D703DF /* Constants.swift */ = {isa = PBXFileReference; lastKnownFileType = sourcecode.swift; path = Constants.swift; sourceTree = "<group>"; };
		7B49E1792895D20000D703DF /* SelectedCellView.swift */ = {isa = PBXFileReference; lastKnownFileType = sourcecode.swift; path = SelectedCellView.swift; sourceTree = "<group>"; };
		7B49E17B289743A200D703DF /* RCButton.swift */ = {isa = PBXFileReference; lastKnownFileType = sourcecode.swift; path = RCButton.swift; sourceTree = "<group>"; };
		7B49E1862897C02600D703DF /* RCAlertVC.swift */ = {isa = PBXFileReference; lastKnownFileType = sourcecode.swift; path = RCAlertVC.swift; sourceTree = "<group>"; };
		7B49E1882897C18900D703DF /* RCContainerView.swift */ = {isa = PBXFileReference; lastKnownFileType = sourcecode.swift; path = RCContainerView.swift; sourceTree = "<group>"; };
		7B49E18A2897C23800D703DF /* RCBodyLabel.swift */ = {isa = PBXFileReference; lastKnownFileType = sourcecode.swift; path = RCBodyLabel.swift; sourceTree = "<group>"; };
		7B49E18C2897CA7600D703DF /* UIViewController+Ext.swift */ = {isa = PBXFileReference; lastKnownFileType = sourcecode.swift; path = "UIViewController+Ext.swift"; sourceTree = "<group>"; };
		7B49E18E289833F800D703DF /* CardsDisplayVC.swift */ = {isa = PBXFileReference; lastKnownFileType = sourcecode.swift; path = CardsDisplayVC.swift; sourceTree = "<group>"; };
		7B49E1902898D80100D703DF /* Card.swift */ = {isa = PBXFileReference; lastKnownFileType = sourcecode.swift; path = Card.swift; sourceTree = "<group>"; };
		7B49E1982898DE9200D703DF /* BCCardList.swift */ = {isa = PBXFileReference; lastKnownFileType = sourcecode.swift; path = BCCardList.swift; sourceTree = "<group>"; };
		7B49E19A289918CF00D703DF /* Protocols.swift */ = {isa = PBXFileReference; lastKnownFileType = sourcecode.swift; path = Protocols.swift; sourceTree = "<group>"; };
		7B49E19C289AFB5400D703DF /* Category.swift */ = {isa = PBXFileReference; lastKnownFileType = sourcecode.swift; path = Category.swift; sourceTree = "<group>"; };
		7B49E1A0289B150900D703DF /* CardCell.swift */ = {isa = PBXFileReference; lastKnownFileType = sourcecode.swift; path = CardCell.swift; sourceTree = "<group>"; };
		7B49E1A2289B527700D703DF /* CollectionViewHeaderReusableView.swift */ = {isa = PBXFileReference; lastKnownFileType = sourcecode.swift; path = CollectionViewHeaderReusableView.swift; sourceTree = "<group>"; };
		7B5936F5289371190025F90F /* RCInfoView.swift */ = {isa = PBXFileReference; lastKnownFileType = sourcecode.swift; path = RCInfoView.swift; sourceTree = "<group>"; };
		7B791D7128906AAC0003BF5F /* RTCompanion.app */ = {isa = PBXFileReference; explicitFileType = wrapper.application; includeInIndex = 0; path = RTCompanion.app; sourceTree = BUILT_PRODUCTS_DIR; };
		7B791D7428906AAC0003BF5F /* AppDelegate.swift */ = {isa = PBXFileReference; lastKnownFileType = sourcecode.swift; path = AppDelegate.swift; sourceTree = "<group>"; };
		7B791D7628906AAC0003BF5F /* SceneDelegate.swift */ = {isa = PBXFileReference; lastKnownFileType = sourcecode.swift; path = SceneDelegate.swift; sourceTree = "<group>"; };
		7B791D7D28906AB00003BF5F /* Assets.xcassets */ = {isa = PBXFileReference; lastKnownFileType = folder.assetcatalog; path = Assets.xcassets; sourceTree = "<group>"; };
		7B791D8028906AB00003BF5F /* Base */ = {isa = PBXFileReference; lastKnownFileType = file.storyboard; name = Base; path = Base.lproj/LaunchScreen.storyboard; sourceTree = "<group>"; };
		7B791D8228906AB00003BF5F /* Info.plist */ = {isa = PBXFileReference; lastKnownFileType = text.plist.xml; path = Info.plist; sourceTree = "<group>"; };
/* End PBXFileReference section */

/* Begin PBXFrameworksBuildPhase section */
		7B791D6E28906AAC0003BF5F /* Frameworks */ = {
			isa = PBXFrameworksBuildPhase;
			buildActionMask = 2147483647;
			files = (
			);
			runOnlyForDeploymentPostprocessing = 0;
		};
/* End PBXFrameworksBuildPhase section */

/* Begin PBXGroup section */
		7B3922732891E8CD009425F5 /* Support */ = {
			isa = PBXGroup;
			children = (
				7B791D7F28906AB00003BF5F /* LaunchScreen.storyboard */,
				7B791D7D28906AB00003BF5F /* Assets.xcassets */,
				7B791D7628906AAC0003BF5F /* SceneDelegate.swift */,
				7B791D7428906AAC0003BF5F /* AppDelegate.swift */,
			);
			path = Support;
			sourceTree = "<group>";
		};
		7B39227A2891F739009425F5 /* Utilities */ = {
			isa = PBXGroup;
			children = (
				7B49E1772894B19000D703DF /* Constants.swift */,
				7B39227B2891F761009425F5 /* UIHelper.swift */,
				7B49E19A289918CF00D703DF /* Protocols.swift */,
			);
			path = Utilities;
			sourceTree = "<group>";
		};
		7B39228328921C31009425F5 /* Models */ = {
			isa = PBXGroup;
			children = (
				7B49E1972898DE7200D703DF /* Card Lists */,
				7B392281289219F6009425F5 /* Regions.swift */,
				7B49E1902898D80100D703DF /* Card.swift */,
				7B49E19C289AFB5400D703DF /* Category.swift */,
			);
			path = Models;
			sourceTree = "<group>";
		};
		7B392284289223D4009425F5 /* Custom Views */ = {
			isa = PBXGroup;
			children = (
				7B49E1852897BFEC00D703DF /* View Controllers */,
				7B49E1842897BFD500D703DF /* Views */,
				7B49E1832897BFC300D703DF /* Buttons */,
				7B49E1812897BF7D00D703DF /* Image Views */,
				7B49E1802897BF6F00D703DF /* Labels */,
				7B49E17D2897BF3100D703DF /* Cells */,
			);
			path = "Custom Views";
			sourceTree = "<group>";
		};
		7B3922852892287F009425F5 /* Extensions */ = {
			isa = PBXGroup;
			children = (
				7B39227F28920820009425F5 /* UIView+Ext.swift */,
				7B49E18C2897CA7600D703DF /* UIViewController+Ext.swift */,
			);
			path = Extensions;
			sourceTree = "<group>";
		};
		7B49E17D2897BF3100D703DF /* Cells */ = {
			isa = PBXGroup;
			children = (
				7B49E1A2289B527700D703DF /* CollectionViewHeaderReusableView.swift */,
				7B49E1792895D20000D703DF /* SelectedCellView.swift */,
				7B3922762891F111009425F5 /* RegionCell.swift */,
				7B49E1A0289B150900D703DF /* CardCell.swift */,
			);
			path = Cells;
			sourceTree = "<group>";
		};
		7B49E1802897BF6F00D703DF /* Labels */ = {
			isa = PBXGroup;
			children = (
				7B39227D289205B5009425F5 /* RCTitleLabel.swift */,
				7B49E18A2897C23800D703DF /* RCBodyLabel.swift */,
			);
			path = Labels;
			sourceTree = "<group>";
		};
		7B49E1812897BF7D00D703DF /* Image Views */ = {
			isa = PBXGroup;
			children = (
				7B3922782891F180009425F5 /* RCImageView.swift */,
			);
			path = "Image Views";
			sourceTree = "<group>";
		};
		7B49E1822897BF9100D703DF /* Screens */ = {
			isa = PBXGroup;
			children = (
				7B3922742891EBFB009425F5 /* RegionSelectionVC.swift */,
				7B49E18E289833F800D703DF /* CardsDisplayVC.swift */,
			);
			path = Screens;
			sourceTree = "<group>";
		};
		7B49E1832897BFC300D703DF /* Buttons */ = {
			isa = PBXGroup;
			children = (
				7B49E17B289743A200D703DF /* RCButton.swift */,
			);
			path = Buttons;
			sourceTree = "<group>";
		};
		7B49E1842897BFD500D703DF /* Views */ = {
			isa = PBXGroup;
			children = (
				7B5936F5289371190025F90F /* RCInfoView.swift */,
				7B49E1882897C18900D703DF /* RCContainerView.swift */,
			);
			path = Views;
			sourceTree = "<group>";
		};
		7B49E1852897BFEC00D703DF /* View Controllers */ = {
			isa = PBXGroup;
			children = (
				7B49E1862897C02600D703DF /* RCAlertVC.swift */,
			);
			path = "View Controllers";
			sourceTree = "<group>";
		};
		7B49E1972898DE7200D703DF /* Card Lists */ = {
			isa = PBXGroup;
			children = (
				7B49E1982898DE9200D703DF /* BCCardList.swift */,
			);
			path = "Card Lists";
			sourceTree = "<group>";
		};
		7B791D6828906AAC0003BF5F = {
			isa = PBXGroup;
			children = (
				7B791D7328906AAC0003BF5F /* RTCompanion */,
				7B791D7228906AAC0003BF5F /* Products */,
			);
			sourceTree = "<group>";
		};
		7B791D7228906AAC0003BF5F /* Products */ = {
			isa = PBXGroup;
			children = (
				7B791D7128906AAC0003BF5F /* RTCompanion.app */,
			);
			name = Products;
			sourceTree = "<group>";
		};
		7B791D7328906AAC0003BF5F /* RTCompanion */ = {
			isa = PBXGroup;
			children = (
				7B49E1822897BF9100D703DF /* Screens */,
				7B392284289223D4009425F5 /* Custom Views */,
				7B39228328921C31009425F5 /* Models */,
				7B3922852892287F009425F5 /* Extensions */,
				7B39227A2891F739009425F5 /* Utilities */,
				7B3922732891E8CD009425F5 /* Support */,
				7B791D8228906AB00003BF5F /* Info.plist */,
			);
			path = RTCompanion;
			sourceTree = "<group>";
		};
/* End PBXGroup section */

/* Begin PBXNativeTarget section */
		7B791D7028906AAC0003BF5F /* RTCompanion */ = {
			isa = PBXNativeTarget;
			buildConfigurationList = 7B791D8528906AB00003BF5F /* Build configuration list for PBXNativeTarget "RTCompanion" */;
			buildPhases = (
				7B791D6D28906AAC0003BF5F /* Sources */,
				7B791D6E28906AAC0003BF5F /* Frameworks */,
				7B791D6F28906AAC0003BF5F /* Resources */,
			);
			buildRules = (
			);
			dependencies = (
			);
			name = RTCompanion;
			productName = RTCompanion;
			productReference = 7B791D7128906AAC0003BF5F /* RTCompanion.app */;
			productType = "com.apple.product-type.application";
		};
/* End PBXNativeTarget section */

/* Begin PBXProject section */
		7B791D6928906AAC0003BF5F /* Project object */ = {
			isa = PBXProject;
			attributes = {
				BuildIndependentTargetsInParallel = 1;
				LastSwiftUpdateCheck = 1320;
				LastUpgradeCheck = 1320;
				TargetAttributes = {
					7B791D7028906AAC0003BF5F = {
						CreatedOnToolsVersion = 13.2.1;
					};
				};
			};
			buildConfigurationList = 7B791D6C28906AAC0003BF5F /* Build configuration list for PBXProject "RTCompanion" */;
			compatibilityVersion = "Xcode 13.0";
			developmentRegion = en;
			hasScannedForEncodings = 0;
			knownRegions = (
				en,
				Base,
			);
			mainGroup = 7B791D6828906AAC0003BF5F;
			productRefGroup = 7B791D7228906AAC0003BF5F /* Products */;
			projectDirPath = "";
			projectRoot = "";
			targets = (
				7B791D7028906AAC0003BF5F /* RTCompanion */,
			);
		};
/* End PBXProject section */

/* Begin PBXResourcesBuildPhase section */
		7B791D6F28906AAC0003BF5F /* Resources */ = {
			isa = PBXResourcesBuildPhase;
			buildActionMask = 2147483647;
			files = (
				7B791D8128906AB00003BF5F /* LaunchScreen.storyboard in Resources */,
				7B791D7E28906AB00003BF5F /* Assets.xcassets in Resources */,
			);
			runOnlyForDeploymentPostprocessing = 0;
		};
/* End PBXResourcesBuildPhase section */

/* Begin PBXSourcesBuildPhase section */
		7B791D6D28906AAC0003BF5F /* Sources */ = {
			isa = PBXSourcesBuildPhase;
			buildActionMask = 2147483647;
			files = (
				7B39228028920820009425F5 /* UIView+Ext.swift in Sources */,
				7B49E18F289833F800D703DF /* CardsDisplayVC.swift in Sources */,
				7B49E1912898D80100D703DF /* Card.swift in Sources */,
				7B49E1782894B19000D703DF /* Constants.swift in Sources */,
				7B49E18D2897CA7600D703DF /* UIViewController+Ext.swift in Sources */,
				7B49E1872897C02600D703DF /* RCAlertVC.swift in Sources */,
				7B3922752891EBFB009425F5 /* RegionSelectionVC.swift in Sources */,
				7B791D7528906AAC0003BF5F /* AppDelegate.swift in Sources */,
				7B39227E289205B5009425F5 /* RCTitleLabel.swift in Sources */,
				7B49E19B289918CF00D703DF /* Protocols.swift in Sources */,
				7B49E17A2895D20000D703DF /* SelectedCellView.swift in Sources */,
				7B49E1A1289B150900D703DF /* CardCell.swift in Sources */,
				7B791D7728906AAC0003BF5F /* SceneDelegate.swift in Sources */,
				7B49E17C289743A200D703DF /* RCButton.swift in Sources */,
				7B3922772891F111009425F5 /* RegionCell.swift in Sources */,
				7B49E1A3289B527700D703DF /* CollectionViewHeaderReusableView.swift in Sources */,
				7B3922792891F180009425F5 /* RCImageView.swift in Sources */,
				7B5936F6289371190025F90F /* RCInfoView.swift in Sources */,
				7B39227C2891F761009425F5 /* UIHelper.swift in Sources */,
				7B392282289219F6009425F5 /* Regions.swift in Sources */,
				7B49E1892897C18900D703DF /* RCContainerView.swift in Sources */,
				7B49E18B2897C23800D703DF /* RCBodyLabel.swift in Sources */,
				7B49E1992898DE9200D703DF /* BCCardList.swift in Sources */,
				7B49E19D289AFB5400D703DF /* Category.swift in Sources */,
			);
			runOnlyForDeploymentPostprocessing = 0;
		};
/* End PBXSourcesBuildPhase section */

/* Begin PBXVariantGroup section */
		7B791D7F28906AB00003BF5F /* LaunchScreen.storyboard */ = {
			isa = PBXVariantGroup;
			children = (
				7B791D8028906AB00003BF5F /* Base */,
			);
			name = LaunchScreen.storyboard;
			sourceTree = "<group>";
		};
/* End PBXVariantGroup section */

/* Begin XCBuildConfiguration section */
		7B791D8328906AB00003BF5F /* Debug */ = {
			isa = XCBuildConfiguration;
			buildSettings = {
				ALWAYS_SEARCH_USER_PATHS = NO;
				CLANG_ANALYZER_NONNULL = YES;
				CLANG_ANALYZER_NUMBER_OBJECT_CONVERSION = YES_AGGRESSIVE;
				CLANG_CXX_LANGUAGE_STANDARD = "gnu++17";
				CLANG_CXX_LIBRARY = "libc++";
				CLANG_ENABLE_MODULES = YES;
				CLANG_ENABLE_OBJC_ARC = YES;
				CLANG_ENABLE_OBJC_WEAK = YES;
				CLANG_WARN_BLOCK_CAPTURE_AUTORELEASING = YES;
				CLANG_WARN_BOOL_CONVERSION = YES;
				CLANG_WARN_COMMA = YES;
				CLANG_WARN_CONSTANT_CONVERSION = YES;
				CLANG_WARN_DEPRECATED_OBJC_IMPLEMENTATIONS = YES;
				CLANG_WARN_DIRECT_OBJC_ISA_USAGE = YES_ERROR;
				CLANG_WARN_DOCUMENTATION_COMMENTS = YES;
				CLANG_WARN_EMPTY_BODY = YES;
				CLANG_WARN_ENUM_CONVERSION = YES;
				CLANG_WARN_INFINITE_RECURSION = YES;
				CLANG_WARN_INT_CONVERSION = YES;
				CLANG_WARN_NON_LITERAL_NULL_CONVERSION = YES;
				CLANG_WARN_OBJC_IMPLICIT_RETAIN_SELF = YES;
				CLANG_WARN_OBJC_LITERAL_CONVERSION = YES;
				CLANG_WARN_OBJC_ROOT_CLASS = YES_ERROR;
				CLANG_WARN_QUOTED_INCLUDE_IN_FRAMEWORK_HEADER = YES;
				CLANG_WARN_RANGE_LOOP_ANALYSIS = YES;
				CLANG_WARN_STRICT_PROTOTYPES = YES;
				CLANG_WARN_SUSPICIOUS_MOVE = YES;
				CLANG_WARN_UNGUARDED_AVAILABILITY = YES_AGGRESSIVE;
				CLANG_WARN_UNREACHABLE_CODE = YES;
				CLANG_WARN__DUPLICATE_METHOD_MATCH = YES;
				COPY_PHASE_STRIP = NO;
				DEBUG_INFORMATION_FORMAT = dwarf;
				ENABLE_STRICT_OBJC_MSGSEND = YES;
				ENABLE_TESTABILITY = YES;
				GCC_C_LANGUAGE_STANDARD = gnu11;
				GCC_DYNAMIC_NO_PIC = NO;
				GCC_NO_COMMON_BLOCKS = YES;
				GCC_OPTIMIZATION_LEVEL = 0;
				GCC_PREPROCESSOR_DEFINITIONS = (
					"DEBUG=1",
					"$(inherited)",
				);
				GCC_WARN_64_TO_32_BIT_CONVERSION = YES;
				GCC_WARN_ABOUT_RETURN_TYPE = YES_ERROR;
				GCC_WARN_UNDECLARED_SELECTOR = YES;
				GCC_WARN_UNINITIALIZED_AUTOS = YES_AGGRESSIVE;
				GCC_WARN_UNUSED_FUNCTION = YES;
				GCC_WARN_UNUSED_VARIABLE = YES;
				IPHONEOS_DEPLOYMENT_TARGET = 15.2;
				MTL_ENABLE_DEBUG_INFO = INCLUDE_SOURCE;
				MTL_FAST_MATH = YES;
				ONLY_ACTIVE_ARCH = YES;
				SDKROOT = iphoneos;
				SWIFT_ACTIVE_COMPILATION_CONDITIONS = DEBUG;
				SWIFT_OPTIMIZATION_LEVEL = "-Onone";
			};
			name = Debug;
		};
		7B791D8428906AB00003BF5F /* Release */ = {
			isa = XCBuildConfiguration;
			buildSettings = {
				ALWAYS_SEARCH_USER_PATHS = NO;
				CLANG_ANALYZER_NONNULL = YES;
				CLANG_ANALYZER_NUMBER_OBJECT_CONVERSION = YES_AGGRESSIVE;
				CLANG_CXX_LANGUAGE_STANDARD = "gnu++17";
				CLANG_CXX_LIBRARY = "libc++";
				CLANG_ENABLE_MODULES = YES;
				CLANG_ENABLE_OBJC_ARC = YES;
				CLANG_ENABLE_OBJC_WEAK = YES;
				CLANG_WARN_BLOCK_CAPTURE_AUTORELEASING = YES;
				CLANG_WARN_BOOL_CONVERSION = YES;
				CLANG_WARN_COMMA = YES;
				CLANG_WARN_CONSTANT_CONVERSION = YES;
				CLANG_WARN_DEPRECATED_OBJC_IMPLEMENTATIONS = YES;
				CLANG_WARN_DIRECT_OBJC_ISA_USAGE = YES_ERROR;
				CLANG_WARN_DOCUMENTATION_COMMENTS = YES;
				CLANG_WARN_EMPTY_BODY = YES;
				CLANG_WARN_ENUM_CONVERSION = YES;
				CLANG_WARN_INFINITE_RECURSION = YES;
				CLANG_WARN_INT_CONVERSION = YES;
				CLANG_WARN_NON_LITERAL_NULL_CONVERSION = YES;
				CLANG_WARN_OBJC_IMPLICIT_RETAIN_SELF = YES;
				CLANG_WARN_OBJC_LITERAL_CONVERSION = YES;
				CLANG_WARN_OBJC_ROOT_CLASS = YES_ERROR;
				CLANG_WARN_QUOTED_INCLUDE_IN_FRAMEWORK_HEADER = YES;
				CLANG_WARN_RANGE_LOOP_ANALYSIS = YES;
				CLANG_WARN_STRICT_PROTOTYPES = YES;
				CLANG_WARN_SUSPICIOUS_MOVE = YES;
				CLANG_WARN_UNGUARDED_AVAILABILITY = YES_AGGRESSIVE;
				CLANG_WARN_UNREACHABLE_CODE = YES;
				CLANG_WARN__DUPLICATE_METHOD_MATCH = YES;
				COPY_PHASE_STRIP = NO;
				DEBUG_INFORMATION_FORMAT = "dwarf-with-dsym";
				ENABLE_NS_ASSERTIONS = NO;
				ENABLE_STRICT_OBJC_MSGSEND = YES;
				GCC_C_LANGUAGE_STANDARD = gnu11;
				GCC_NO_COMMON_BLOCKS = YES;
				GCC_WARN_64_TO_32_BIT_CONVERSION = YES;
				GCC_WARN_ABOUT_RETURN_TYPE = YES_ERROR;
				GCC_WARN_UNDECLARED_SELECTOR = YES;
				GCC_WARN_UNINITIALIZED_AUTOS = YES_AGGRESSIVE;
				GCC_WARN_UNUSED_FUNCTION = YES;
				GCC_WARN_UNUSED_VARIABLE = YES;
				IPHONEOS_DEPLOYMENT_TARGET = 15.2;
				MTL_ENABLE_DEBUG_INFO = NO;
				MTL_FAST_MATH = YES;
				SDKROOT = iphoneos;
				SWIFT_COMPILATION_MODE = wholemodule;
				SWIFT_OPTIMIZATION_LEVEL = "-O";
				VALIDATE_PRODUCT = YES;
			};
			name = Release;
		};
		7B791D8628906AB00003BF5F /* Debug */ = {
			isa = XCBuildConfiguration;
			buildSettings = {
				ASSETCATALOG_COMPILER_APPICON_NAME = AppIcon;
				ASSETCATALOG_COMPILER_GLOBAL_ACCENT_COLOR_NAME = AccentColor;
				CODE_SIGN_STYLE = Automatic;
				CURRENT_PROJECT_VERSION = 1;
				DEVELOPMENT_TEAM = LZJ23VSD72;
				GENERATE_INFOPLIST_FILE = YES;
				INFOPLIST_FILE = RTCompanion/Info.plist;
				INFOPLIST_KEY_UIApplicationSupportsIndirectInputEvents = YES;
				INFOPLIST_KEY_UILaunchStoryboardName = LaunchScreen;
				INFOPLIST_KEY_UISupportedInterfaceOrientations = UIInterfaceOrientationPortrait;
				INFOPLIST_KEY_UISupportedInterfaceOrientations_iPad = "UIInterfaceOrientationPortrait UIInterfaceOrientationPortraitUpsideDown UIInterfaceOrientationLandscapeLeft UIInterfaceOrientationLandscapeRight";
				INFOPLIST_KEY_UISupportedInterfaceOrientations_iPhone = "UIInterfaceOrientationPortrait UIInterfaceOrientationLandscapeLeft UIInterfaceOrientationLandscapeRight";
				LD_RUNPATH_SEARCH_PATHS = (
					"$(inherited)",
					"@executable_path/Frameworks",
				);
				MARKETING_VERSION = 1.0;
				PRODUCT_BUNDLE_IDENTIFIER = com.christiand.RTCompanion;
				PRODUCT_NAME = "$(TARGET_NAME)";
				SWIFT_EMIT_LOC_STRINGS = YES;
				SWIFT_VERSION = 5.0;
				TARGETED_DEVICE_FAMILY = 1;
			};
			name = Debug;
		};
		7B791D8728906AB00003BF5F /* Release */ = {
			isa = XCBuildConfiguration;
			buildSettings = {
				ASSETCATALOG_COMPILER_APPICON_NAME = AppIcon;
				ASSETCATALOG_COMPILER_GLOBAL_ACCENT_COLOR_NAME = AccentColor;
				CODE_SIGN_STYLE = Automatic;
				CURRENT_PROJECT_VERSION = 1;
				DEVELOPMENT_TEAM = LZJ23VSD72;
				GENERATE_INFOPLIST_FILE = YES;
				INFOPLIST_FILE = RTCompanion/Info.plist;
				INFOPLIST_KEY_UIApplicationSupportsIndirectInputEvents = YES;
				INFOPLIST_KEY_UILaunchStoryboardName = LaunchScreen;
				INFOPLIST_KEY_UISupportedInterfaceOrientations = UIInterfaceOrientationPortrait;
				INFOPLIST_KEY_UISupportedInterfaceOrientations_iPad = "UIInterfaceOrientationPortrait UIInterfaceOrientationPortraitUpsideDown UIInterfaceOrientationLandscapeLeft UIInterfaceOrientationLandscapeRight";
				INFOPLIST_KEY_UISupportedInterfaceOrientations_iPhone = "UIInterfaceOrientationPortrait UIInterfaceOrientationLandscapeLeft UIInterfaceOrientationLandscapeRight";
				LD_RUNPATH_SEARCH_PATHS = (
					"$(inherited)",
					"@executable_path/Frameworks",
				);
				MARKETING_VERSION = 1.0;
				PRODUCT_BUNDLE_IDENTIFIER = com.christiand.RTCompanion;
				PRODUCT_NAME = "$(TARGET_NAME)";
				SWIFT_EMIT_LOC_STRINGS = YES;
				SWIFT_VERSION = 5.0;
				TARGETED_DEVICE_FAMILY = 1;
			};
			name = Release;
		};
/* End XCBuildConfiguration section */

/* Begin XCConfigurationList section */
		7B791D6C28906AAC0003BF5F /* Build configuration list for PBXProject "RTCompanion" */ = {
			isa = XCConfigurationList;
			buildConfigurations = (
				7B791D8328906AB00003BF5F /* Debug */,
				7B791D8428906AB00003BF5F /* Release */,
			);
			defaultConfigurationIsVisible = 0;
			defaultConfigurationName = Release;
		};
		7B791D8528906AB00003BF5F /* Build configuration list for PBXNativeTarget "RTCompanion" */ = {
			isa = XCConfigurationList;
			buildConfigurations = (
				7B791D8628906AB00003BF5F /* Debug */,
				7B791D8728906AB00003BF5F /* Release */,
			);
			defaultConfigurationIsVisible = 0;
			defaultConfigurationName = Release;
		};
/* End XCConfigurationList section */
	};
	rootObject = 7B791D6928906AAC0003BF5F /* Project object */;
}
